// !$*UTF8*$!
{
	archiveVersion = 1;
	classes = {
	};
	objectVersion = 50;
	objects = {

/* Begin PBXBuildFile section */
		BC92042E24141E5A00BC7CB2 /* AppDelegate.swift in Sources */ = {isa = PBXBuildFile; fileRef = BC92042D24141E5A00BC7CB2 /* AppDelegate.swift */; };
		BC92043024141E5A00BC7CB2 /* SceneDelegate.swift in Sources */ = {isa = PBXBuildFile; fileRef = BC92042F24141E5A00BC7CB2 /* SceneDelegate.swift */; };
		BC92043224141E5A00BC7CB2 /* ContentView.swift in Sources */ = {isa = PBXBuildFile; fileRef = BC92043124141E5A00BC7CB2 /* ContentView.swift */; };
		BC92043424141E5C00BC7CB2 /* Assets.xcassets in Resources */ = {isa = PBXBuildFile; fileRef = BC92043324141E5C00BC7CB2 /* Assets.xcassets */; };
		BC92043724141E5C00BC7CB2 /* Preview Assets.xcassets in Resources */ = {isa = PBXBuildFile; fileRef = BC92043624141E5C00BC7CB2 /* Preview Assets.xcassets */; };
		BC92043A24141E5C00BC7CB2 /* LaunchScreen.storyboard in Resources */ = {isa = PBXBuildFile; fileRef = BC92043824141E5C00BC7CB2 /* LaunchScreen.storyboard */; };
		BC920443241420CF00BC7CB2 /* CombineUtilities.swift in Sources */ = {isa = PBXBuildFile; fileRef = BC920441241420CF00BC7CB2 /* CombineUtilities.swift */; };
		BC920444241420CF00BC7CB2 /* ReducerArchitecture.swift in Sources */ = {isa = PBXBuildFile; fileRef = BC920442241420CF00BC7CB2 /* ReducerArchitecture.swift */; };
		BC9204462414216900BC7CB2 /* MainView.swift in Sources */ = {isa = PBXBuildFile; fileRef = BC9204452414216900BC7CB2 /* MainView.swift */; };
		BC98AFEF24157C2700608109 /* PhotosCollectionView.swift in Sources */ = {isa = PBXBuildFile; fileRef = BC98AFEE24157C2700608109 /* PhotosCollectionView.swift */; };
		BC98AFF12415B5B900608109 /* PhotosCollectionViewState.swift in Sources */ = {isa = PBXBuildFile; fileRef = BC98AFF02415B5B900608109 /* PhotosCollectionViewState.swift */; };
		BC98AFF32415BD2600608109 /* PhotoCell.swift in Sources */ = {isa = PBXBuildFile; fileRef = BC98AFF22415BD2600608109 /* PhotoCell.swift */; };
		BC98AFF52415C52C00608109 /* PhotosUtilities.swift in Sources */ = {isa = PBXBuildFile; fileRef = BC98AFF42415C52C00608109 /* PhotosUtilities.swift */; };
/* End PBXBuildFile section */

/* Begin PBXFileReference section */
		BC92042A24141E5A00BC7CB2 /* SwiftUI Example.app */ = {isa = PBXFileReference; explicitFileType = wrapper.application; includeInIndex = 0; path = "SwiftUI Example.app"; sourceTree = BUILT_PRODUCTS_DIR; };
		BC92042D24141E5A00BC7CB2 /* AppDelegate.swift */ = {isa = PBXFileReference; lastKnownFileType = sourcecode.swift; path = AppDelegate.swift; sourceTree = "<group>"; };
		BC92042F24141E5A00BC7CB2 /* SceneDelegate.swift */ = {isa = PBXFileReference; lastKnownFileType = sourcecode.swift; path = SceneDelegate.swift; sourceTree = "<group>"; };
		BC92043124141E5A00BC7CB2 /* ContentView.swift */ = {isa = PBXFileReference; lastKnownFileType = sourcecode.swift; path = ContentView.swift; sourceTree = "<group>"; };
		BC92043324141E5C00BC7CB2 /* Assets.xcassets */ = {isa = PBXFileReference; lastKnownFileType = folder.assetcatalog; path = Assets.xcassets; sourceTree = "<group>"; };
		BC92043624141E5C00BC7CB2 /* Preview Assets.xcassets */ = {isa = PBXFileReference; lastKnownFileType = folder.assetcatalog; path = "Preview Assets.xcassets"; sourceTree = "<group>"; };
		BC92043924141E5C00BC7CB2 /* Base */ = {isa = PBXFileReference; lastKnownFileType = file.storyboard; name = Base; path = Base.lproj/LaunchScreen.storyboard; sourceTree = "<group>"; };
		BC92043B24141E5C00BC7CB2 /* Info.plist */ = {isa = PBXFileReference; lastKnownFileType = text.plist.xml; path = Info.plist; sourceTree = "<group>"; };
		BC920441241420CF00BC7CB2 /* CombineUtilities.swift */ = {isa = PBXFileReference; fileEncoding = 4; lastKnownFileType = sourcecode.swift; path = CombineUtilities.swift; sourceTree = "<group>"; };
		BC920442241420CF00BC7CB2 /* ReducerArchitecture.swift */ = {isa = PBXFileReference; fileEncoding = 4; lastKnownFileType = sourcecode.swift; path = ReducerArchitecture.swift; sourceTree = "<group>"; };
		BC9204452414216900BC7CB2 /* MainView.swift */ = {isa = PBXFileReference; lastKnownFileType = sourcecode.swift; path = MainView.swift; sourceTree = "<group>"; };
		BC98AFEE24157C2700608109 /* PhotosCollectionView.swift */ = {isa = PBXFileReference; lastKnownFileType = sourcecode.swift; path = PhotosCollectionView.swift; sourceTree = "<group>"; };
		BC98AFF02415B5B900608109 /* PhotosCollectionViewState.swift */ = {isa = PBXFileReference; lastKnownFileType = sourcecode.swift; path = PhotosCollectionViewState.swift; sourceTree = "<group>"; };
		BC98AFF22415BD2600608109 /* PhotoCell.swift */ = {isa = PBXFileReference; lastKnownFileType = sourcecode.swift; path = PhotoCell.swift; sourceTree = "<group>"; };
		BC98AFF42415C52C00608109 /* PhotosUtilities.swift */ = {isa = PBXFileReference; lastKnownFileType = sourcecode.swift; path = PhotosUtilities.swift; sourceTree = "<group>"; };
/* End PBXFileReference section */

/* Begin PBXFrameworksBuildPhase section */
		BC92042724141E5A00BC7CB2 /* Frameworks */ = {
			isa = PBXFrameworksBuildPhase;
			buildActionMask = 2147483647;
			files = (
			);
			runOnlyForDeploymentPostprocessing = 0;
		};
/* End PBXFrameworksBuildPhase section */

/* Begin PBXGroup section */
		BC92042124141E5900BC7CB2 = {
			isa = PBXGroup;
			children = (
				BC92042C24141E5A00BC7CB2 /* SwiftUI Example */,
				BC92042B24141E5A00BC7CB2 /* Products */,
			);
			sourceTree = "<group>";
		};
		BC92042B24141E5A00BC7CB2 /* Products */ = {
			isa = PBXGroup;
			children = (
				BC92042A24141E5A00BC7CB2 /* SwiftUI Example.app */,
			);
			name = Products;
			sourceTree = "<group>";
		};
		BC92042C24141E5A00BC7CB2 /* SwiftUI Example */ = {
			isa = PBXGroup;
			children = (
				BC92042D24141E5A00BC7CB2 /* AppDelegate.swift */,
				BC92043324141E5C00BC7CB2 /* Assets.xcassets */,
				BC920441241420CF00BC7CB2 /* CombineUtilities.swift */,
				BC92043124141E5A00BC7CB2 /* ContentView.swift */,
				BC92043B24141E5C00BC7CB2 /* Info.plist */,
				BC92043824141E5C00BC7CB2 /* LaunchScreen.storyboard */,
				BC9204452414216900BC7CB2 /* MainView.swift */,
				BC98AFF22415BD2600608109 /* PhotoCell.swift */,
				BC98AFEE24157C2700608109 /* PhotosCollectionView.swift */,
				BC98AFF02415B5B900608109 /* PhotosCollectionViewState.swift */,
				BC98AFF42415C52C00608109 /* PhotosUtilities.swift */,
				BC92043524141E5C00BC7CB2 /* Preview Content */,
				BC920442241420CF00BC7CB2 /* ReducerArchitecture.swift */,
				BC92042F24141E5A00BC7CB2 /* SceneDelegate.swift */,
			);
			path = "SwiftUI Example";
			sourceTree = "<group>";
		};
		BC92043524141E5C00BC7CB2 /* Preview Content */ = {
			isa = PBXGroup;
			children = (
				BC92043624141E5C00BC7CB2 /* Preview Assets.xcassets */,
			);
			path = "Preview Content";
			sourceTree = "<group>";
		};
/* End PBXGroup section */

/* Begin PBXNativeTarget section */
		BC92042924141E5A00BC7CB2 /* SwiftUI Example */ = {
			isa = PBXNativeTarget;
			buildConfigurationList = BC92043E24141E5C00BC7CB2 /* Build configuration list for PBXNativeTarget "SwiftUI Example" */;
			buildPhases = (
				BC92042624141E5A00BC7CB2 /* Sources */,
				BC92042724141E5A00BC7CB2 /* Frameworks */,
				BC92042824141E5A00BC7CB2 /* Resources */,
			);
			buildRules = (
			);
			dependencies = (
			);
			name = "SwiftUI Example";
			productName = "SwiftUI Example";
			productReference = BC92042A24141E5A00BC7CB2 /* SwiftUI Example.app */;
			productType = "com.apple.product-type.application";
		};
/* End PBXNativeTarget section */

/* Begin PBXProject section */
		BC92042224141E5900BC7CB2 /* Project object */ = {
			isa = PBXProject;
			attributes = {
				LastSwiftUpdateCheck = 1130;
				LastUpgradeCheck = 1130;
				ORGANIZATIONNAME = "CocoaHeads MN";
				TargetAttributes = {
					BC92042924141E5A00BC7CB2 = {
						CreatedOnToolsVersion = 11.3.1;
					};
				};
			};
			buildConfigurationList = BC92042524141E5900BC7CB2 /* Build configuration list for PBXProject "SwiftUI Example" */;
			compatibilityVersion = "Xcode 9.3";
			developmentRegion = en;
			hasScannedForEncodings = 0;
			knownRegions = (
				en,
				Base,
			);
			mainGroup = BC92042124141E5900BC7CB2;
			productRefGroup = BC92042B24141E5A00BC7CB2 /* Products */;
			projectDirPath = "";
			projectRoot = "";
			targets = (
				BC92042924141E5A00BC7CB2 /* SwiftUI Example */,
			);
		};
/* End PBXProject section */

/* Begin PBXResourcesBuildPhase section */
		BC92042824141E5A00BC7CB2 /* Resources */ = {
			isa = PBXResourcesBuildPhase;
			buildActionMask = 2147483647;
			files = (
				BC92043A24141E5C00BC7CB2 /* LaunchScreen.storyboard in Resources */,
				BC92043724141E5C00BC7CB2 /* Preview Assets.xcassets in Resources */,
				BC92043424141E5C00BC7CB2 /* Assets.xcassets in Resources */,
			);
			runOnlyForDeploymentPostprocessing = 0;
		};
/* End PBXResourcesBuildPhase section */

/* Begin PBXSourcesBuildPhase section */
		BC92042624141E5A00BC7CB2 /* Sources */ = {
			isa = PBXSourcesBuildPhase;
			buildActionMask = 2147483647;
			files = (
				BC92042E24141E5A00BC7CB2 /* AppDelegate.swift in Sources */,
				BC98AFF32415BD2600608109 /* PhotoCell.swift in Sources */,
				BC98AFEF24157C2700608109 /* PhotosCollectionView.swift in Sources */,
				BC9204462414216900BC7CB2 /* MainView.swift in Sources */,
				BC92043024141E5A00BC7CB2 /* SceneDelegate.swift in Sources */,
				BC920443241420CF00BC7CB2 /* CombineUtilities.swift in Sources */,
				BC92043224141E5A00BC7CB2 /* ContentView.swift in Sources */,
				BC98AFF52415C52C00608109 /* PhotosUtilities.swift in Sources */,
				BC920444241420CF00BC7CB2 /* ReducerArchitecture.swift in Sources */,
				BC98AFF12415B5B900608109 /* PhotosCollectionViewState.swift in Sources */,
			);
			runOnlyForDeploymentPostprocessing = 0;
		};
/* End PBXSourcesBuildPhase section */

/* Begin PBXVariantGroup section */
		BC92043824141E5C00BC7CB2 /* LaunchScreen.storyboard */ = {
			isa = PBXVariantGroup;
			children = (
				BC92043924141E5C00BC7CB2 /* Base */,
			);
			name = LaunchScreen.storyboard;
			sourceTree = "<group>";
		};
/* End PBXVariantGroup section */

/* Begin XCBuildConfiguration section */
		BC92043C24141E5C00BC7CB2 /* Debug */ = {
			isa = XCBuildConfiguration;
			buildSettings = {
				ALWAYS_SEARCH_USER_PATHS = NO;
				CLANG_ANALYZER_NONNULL = YES;
				CLANG_ANALYZER_NUMBER_OBJECT_CONVERSION = YES_AGGRESSIVE;
				CLANG_CXX_LANGUAGE_STANDARD = "gnu++14";
				CLANG_CXX_LIBRARY = "libc++";
				CLANG_ENABLE_MODULES = YES;
				CLANG_ENABLE_OBJC_ARC = YES;
				CLANG_ENABLE_OBJC_WEAK = YES;
				CLANG_WARN_BLOCK_CAPTURE_AUTORELEASING = YES;
				CLANG_WARN_BOOL_CONVERSION = YES;
				CLANG_WARN_COMMA = YES;
				CLANG_WARN_CONSTANT_CONVERSION = YES;
				CLANG_WARN_DEPRECATED_OBJC_IMPLEMENTATIONS = YES;
				CLANG_WARN_DIRECT_OBJC_ISA_USAGE = YES_ERROR;
				CLANG_WARN_DOCUMENTATION_COMMENTS = YES;
				CLANG_WARN_EMPTY_BODY = YES;
				CLANG_WARN_ENUM_CONVERSION = YES;
				CLANG_WARN_INFINITE_RECURSION = YES;
				CLANG_WARN_INT_CONVERSION = YES;
				CLANG_WARN_NON_LITERAL_NULL_CONVERSION = YES;
				CLANG_WARN_OBJC_IMPLICIT_RETAIN_SELF = YES;
				CLANG_WARN_OBJC_LITERAL_CONVERSION = YES;
				CLANG_WARN_OBJC_ROOT_CLASS = YES_ERROR;
				CLANG_WARN_RANGE_LOOP_ANALYSIS = YES;
				CLANG_WARN_STRICT_PROTOTYPES = YES;
				CLANG_WARN_SUSPICIOUS_MOVE = YES;
				CLANG_WARN_UNGUARDED_AVAILABILITY = YES_AGGRESSIVE;
				CLANG_WARN_UNREACHABLE_CODE = YES;
				CLANG_WARN__DUPLICATE_METHOD_MATCH = YES;
				COPY_PHASE_STRIP = NO;
				DEBUG_INFORMATION_FORMAT = dwarf;
				ENABLE_STRICT_OBJC_MSGSEND = YES;
				ENABLE_TESTABILITY = YES;
				GCC_C_LANGUAGE_STANDARD = gnu11;
				GCC_DYNAMIC_NO_PIC = NO;
				GCC_NO_COMMON_BLOCKS = YES;
				GCC_OPTIMIZATION_LEVEL = 0;
				GCC_PREPROCESSOR_DEFINITIONS = (
					"DEBUG=1",
					"$(inherited)",
				);
				GCC_WARN_64_TO_32_BIT_CONVERSION = YES;
				GCC_WARN_ABOUT_RETURN_TYPE = YES_ERROR;
				GCC_WARN_UNDECLARED_SELECTOR = YES;
				GCC_WARN_UNINITIALIZED_AUTOS = YES_AGGRESSIVE;
				GCC_WARN_UNUSED_FUNCTION = YES;
				GCC_WARN_UNUSED_VARIABLE = YES;
				IPHONEOS_DEPLOYMENT_TARGET = 13.2;
				MTL_ENABLE_DEBUG_INFO = INCLUDE_SOURCE;
				MTL_FAST_MATH = YES;
				ONLY_ACTIVE_ARCH = YES;
				SDKROOT = iphoneos;
				SWIFT_ACTIVE_COMPILATION_CONDITIONS = DEBUG;
				SWIFT_OPTIMIZATION_LEVEL = "-Onone";
			};
			name = Debug;
		};
		BC92043D24141E5C00BC7CB2 /* Release */ = {
			isa = XCBuildConfiguration;
			buildSettings = {
				ALWAYS_SEARCH_USER_PATHS = NO;
				CLANG_ANALYZER_NONNULL = YES;
				CLANG_ANALYZER_NUMBER_OBJECT_CONVERSION = YES_AGGRESSIVE;
				CLANG_CXX_LANGUAGE_STANDARD = "gnu++14";
				CLANG_CXX_LIBRARY = "libc++";
				CLANG_ENABLE_MODULES = YES;
				CLANG_ENABLE_OBJC_ARC = YES;
				CLANG_ENABLE_OBJC_WEAK = YES;
				CLANG_WARN_BLOCK_CAPTURE_AUTORELEASING = YES;
				CLANG_WARN_BOOL_CONVERSION = YES;
				CLANG_WARN_COMMA = YES;
				CLANG_WARN_CONSTANT_CONVERSION = YES;
				CLANG_WARN_DEPRECATED_OBJC_IMPLEMENTATIONS = YES;
				CLANG_WARN_DIRECT_OBJC_ISA_USAGE = YES_ERROR;
				CLANG_WARN_DOCUMENTATION_COMMENTS = YES;
				CLANG_WARN_EMPTY_BODY = YES;
				CLANG_WARN_ENUM_CONVERSION = YES;
				CLANG_WARN_INFINITE_RECURSION = YES;
				CLANG_WARN_INT_CONVERSION = YES;
				CLANG_WARN_NON_LITERAL_NULL_CONVERSION = YES;
				CLANG_WARN_OBJC_IMPLICIT_RETAIN_SELF = YES;
				CLANG_WARN_OBJC_LITERAL_CONVERSION = YES;
				CLANG_WARN_OBJC_ROOT_CLASS = YES_ERROR;
				CLANG_WARN_RANGE_LOOP_ANALYSIS = YES;
				CLANG_WARN_STRICT_PROTOTYPES = YES;
				CLANG_WARN_SUSPICIOUS_MOVE = YES;
				CLANG_WARN_UNGUARDED_AVAILABILITY = YES_AGGRESSIVE;
				CLANG_WARN_UNREACHABLE_CODE = YES;
				CLANG_WARN__DUPLICATE_METHOD_MATCH = YES;
				COPY_PHASE_STRIP = NO;
				DEBUG_INFORMATION_FORMAT = "dwarf-with-dsym";
				ENABLE_NS_ASSERTIONS = NO;
				ENABLE_STRICT_OBJC_MSGSEND = YES;
				GCC_C_LANGUAGE_STANDARD = gnu11;
				GCC_NO_COMMON_BLOCKS = YES;
				GCC_WARN_64_TO_32_BIT_CONVERSION = YES;
				GCC_WARN_ABOUT_RETURN_TYPE = YES_ERROR;
				GCC_WARN_UNDECLARED_SELECTOR = YES;
				GCC_WARN_UNINITIALIZED_AUTOS = YES_AGGRESSIVE;
				GCC_WARN_UNUSED_FUNCTION = YES;
				GCC_WARN_UNUSED_VARIABLE = YES;
				IPHONEOS_DEPLOYMENT_TARGET = 13.2;
				MTL_ENABLE_DEBUG_INFO = NO;
				MTL_FAST_MATH = YES;
				SDKROOT = iphoneos;
				SWIFT_COMPILATION_MODE = wholemodule;
				SWIFT_OPTIMIZATION_LEVEL = "-O";
				VALIDATE_PRODUCT = YES;
			};
			name = Release;
		};
		BC92043F24141E5C00BC7CB2 /* Debug */ = {
			isa = XCBuildConfiguration;
			buildSettings = {
				ASSETCATALOG_COMPILER_APPICON_NAME = AppIcon;
				CODE_SIGN_STYLE = Automatic;
				DEVELOPMENT_ASSET_PATHS = "\"SwiftUI Example/Preview Content\"";
				ENABLE_PREVIEWS = YES;
				INFOPLIST_FILE = "SwiftUI Example/Info.plist";
				LD_RUNPATH_SEARCH_PATHS = (
					"$(inherited)",
					"@executable_path/Frameworks",
				);
				PRODUCT_BUNDLE_IDENTIFIER = "com.cocoaheadsmn.SwiftUI-Example";
				PRODUCT_NAME = "$(TARGET_NAME)";
				SWIFT_VERSION = 5.0;
				TARGETED_DEVICE_FAMILY = "1,2";
			};
			name = Debug;
		};
		BC92044024141E5C00BC7CB2 /* Release */ = {
			isa = XCBuildConfiguration;
			buildSettings = {
				ASSETCATALOG_COMPILER_APPICON_NAME = AppIcon;
				CODE_SIGN_STYLE = Automatic;
				DEVELOPMENT_ASSET_PATHS = "\"SwiftUI Example/Preview Content\"";
				ENABLE_PREVIEWS = YES;
				INFOPLIST_FILE = "SwiftUI Example/Info.plist";
				LD_RUNPATH_SEARCH_PATHS = (
					"$(inherited)",
					"@executable_path/Frameworks",
				);
				PRODUCT_BUNDLE_IDENTIFIER = "com.cocoaheadsmn.SwiftUI-Example";
				PRODUCT_NAME = "$(TARGET_NAME)";
				SWIFT_VERSION = 5.0;
				TARGETED_DEVICE_FAMILY = "1,2";
			};
			name = Release;
		};
/* End XCBuildConfiguration section */

/* Begin XCConfigurationList section */
		BC92042524141E5900BC7CB2 /* Build configuration list for PBXProject "SwiftUI Example" */ = {
			isa = XCConfigurationList;
			buildConfigurations = (
				BC92043C24141E5C00BC7CB2 /* Debug */,
				BC92043D24141E5C00BC7CB2 /* Release */,
			);
			defaultConfigurationIsVisible = 0;
			defaultConfigurationName = Release;
		};
		BC92043E24141E5C00BC7CB2 /* Build configuration list for PBXNativeTarget "SwiftUI Example" */ = {
			isa = XCConfigurationList;
			buildConfigurations = (
				BC92043F24141E5C00BC7CB2 /* Debug */,
				BC92044024141E5C00BC7CB2 /* Release */,
			);
			defaultConfigurationIsVisible = 0;
			defaultConfigurationName = Release;
		};
/* End XCConfigurationList section */
	};
	rootObject = BC92042224141E5900BC7CB2 /* Project object */;
}
